{
  "version": "5",
  "specifiers": {
    "npm:flatbuffers@^25.9.23": "25.9.23"
  },
  "npm": {
    "flatbuffers@25.9.23": {
      "integrity": "sha512-MI1qs7Lo4Syw0EOzUl0xjs2lsoeqFku44KpngfIduHBYvzm8h2+7K8YMQh1JtVVVrUvhLpNwqVi4DERegUJhPQ=="
    }
  },
  "workspace": {
    "dependencies": [
      "npm:flatbuffers@^25.9.23"
    ]
  }
}
